
Microsoft Visual Studio Solution File, Format Version 12.00
Project("{FAE04EC0-301F-11D3-BF4B-00C04F79EFBC}") = "assignment_1", "assignment_1.csproj", "{AB308F8F-ADD3-4639-85DF-1FC67FDACC41}"
EndProject
Global
	GlobalSection(SolutionConfigurationPlatforms) = preSolution
		Debug|Any CPU = Debug|Any CPU
		Release|Any CPU = Release|Any CPU
	EndGlobalSection
	GlobalSection(ProjectConfigurationPlatforms) = postSolution
		{AB308F8F-ADD3-4639-85DF-1FC67FDACC41}.Debug|Any CPU.ActiveCfg = Debug|Any CPU
		{AB308F8F-ADD3-4639-85DF-1FC67FDACC41}.Debug|Any CPU.Build.0 = Debug|Any CPU
		{AB308F8F-ADD3-4639-85DF-1FC67FDACC41}.Release|Any CPU.ActiveCfg = Release|Any CPU
		{AB308F8F-ADD3-4639-85DF-1FC67FDACC41}.Release|Any CPU.Build.0 = Release|Any CPU
	EndGlobalSection
EndGlobal
